
Microsoft Visual Studio Solution File, Format Version 12.00
# Visual Studio Version 17
VisualStudioVersion = 17.14.35806.103
MinimumVisualStudioVersion = 10.0.40219.1
Project("{FAE04EC0-301F-11D3-BF4B-00C04F79EFBC}") = "Catalog.API.Tests", "tests\Catalog.API.Tests\Catalog.API.Tests.csproj", "{801ED454-A3FD-4556-964C-71ADAEE3F193}"
EndProject
Project("{2150E333-8FDC-42A3-9474-1A3956D46DE8}") = "Solution Items", "Solution Items", "{02EA681E-C7D8-13C7-8484-4AC65E1B71E8}"
	ProjectSection(SolutionItems) = preProject
		.editorconfig = .editorconfig
		.github\workflows\dotnet.yml = .github\workflows\dotnet.yml
	EndProjectSection
EndProject
Project("{E53339B2-1760-4266-BCC7-CA923CBCF16C}") = "docker-compose", "docker-compose.dcproj", "{81DDED9D-158B-E303-5F62-77A2896D2A5A}"
EndProject
Project("{FAE04EC0-301F-11D3-BF4B-00C04F79EFBC}") = "Catalog.API", "src\Catalog.API\Catalog.API.csproj", "{C14C49E7-3D57-F879-AF95-64AB5B0CCA56}"
EndProject
Project("{FAE04EC0-301F-11D3-BF4B-00C04F79EFBC}") = "GoodRandom", "src\GoodRandom\GoodRandom.csproj", "{8A12B953-6D71-F8DB-88F1-952B69E671FA}"
EndProject
Global
	GlobalSection(SolutionConfigurationPlatforms) = preSolution
		Debug|Any CPU = Debug|Any CPU
		Release|Any CPU = Release|Any CPU
	EndGlobalSection
	GlobalSection(ProjectConfigurationPlatforms) = postSolution
		{801ED454-A3FD-4556-964C-71ADAEE3F193}.Debug|Any CPU.ActiveCfg = Debug|Any CPU
		{801ED454-A3FD-4556-964C-71ADAEE3F193}.Debug|Any CPU.Build.0 = Debug|Any CPU
		{801ED454-A3FD-4556-964C-71ADAEE3F193}.Release|Any CPU.ActiveCfg = Release|Any CPU
		{801ED454-A3FD-4556-964C-71ADAEE3F193}.Release|Any CPU.Build.0 = Release|Any CPU
		{81DDED9D-158B-E303-5F62-77A2896D2A5A}.Debug|Any CPU.ActiveCfg = Debug|Any CPU
		{81DDED9D-158B-E303-5F62-77A2896D2A5A}.Debug|Any CPU.Build.0 = Debug|Any CPU
		{81DDED9D-158B-E303-5F62-77A2896D2A5A}.Release|Any CPU.ActiveCfg = Release|Any CPU
		{81DDED9D-158B-E303-5F62-77A2896D2A5A}.Release|Any CPU.Build.0 = Release|Any CPU
		{C14C49E7-3D57-F879-AF95-64AB5B0CCA56}.Debug|Any CPU.ActiveCfg = Debug|Any CPU
		{C14C49E7-3D57-F879-AF95-64AB5B0CCA56}.Debug|Any CPU.Build.0 = Debug|Any CPU
		{C14C49E7-3D57-F879-AF95-64AB5B0CCA56}.Release|Any CPU.ActiveCfg = Release|Any CPU
		{C14C49E7-3D57-F879-AF95-64AB5B0CCA56}.Release|Any CPU.Build.0 = Release|Any CPU
		{8A12B953-6D71-F8DB-88F1-952B69E671FA}.Debug|Any CPU.ActiveCfg = Debug|Any CPU
		{8A12B953-6D71-F8DB-88F1-952B69E671FA}.Debug|Any CPU.Build.0 = Debug|Any CPU
		{8A12B953-6D71-F8DB-88F1-952B69E671FA}.Release|Any CPU.ActiveCfg = Release|Any CPU
		{8A12B953-6D71-F8DB-88F1-952B69E671FA}.Release|Any CPU.Build.0 = Release|Any CPU
	EndGlobalSection
	GlobalSection(SolutionProperties) = preSolution
		HideSolutionNode = FALSE
	EndGlobalSection
	GlobalSection(ExtensibilityGlobals) = postSolution
		SolutionGuid = {5EEBBD96-326C-458E-8677-090FD031A52C}
	EndGlobalSection
EndGlobal
